# This file is automatically @generated by Poetry 2.2.1 and should not be changed by hand.

[[package]]
name = "packaging"
version = "25.0"
description = "Core utilities for Python packages"
optional = false
python-versions = ">=3.8"
groups = ["main"]
files = [
    {file = "packaging-25.0-py3-none-any.whl", hash = "sha256:29572ef2b1f17581046b3a2227d5c611fb25ec70ca1ba8554b24b0e69331a484"},
    {file = "packaging-25.0.tar.gz", hash = "sha256:d443872c98d677bf60f6a1f2f8c1cb748e8fe762d2bf9d3148b5599295b0fc4f"},
]

[[package]]
name = "python-calamine"
version = "0.4.0"
description = "Python binding for Rust's library for reading excel and odf file - calamine"
optional = false
python-versions = ">=3.8"
groups = ["main"]
files = [
    {file = "python_calamine-0.4.0-cp310-cp310-macosx_10_12_x86_64.whl", hash = "sha256:06011f11fd8d2dbfe0bc9bd8bd135c191aafe66f2d0c9eecf0ae3cb38f42f888"},
    {file = "python_calamine-0.4.0-cp310-cp310-macosx_11_0_arm64.whl", hash = "sha256:12e350e5967bf3206a8b472d9b6c348ff37ae791dba1a1715e076b2c39328557"},
    {file = "python_calamine-0.4.0-cp310-cp310-manylinux_2_17_aarch64.manylinux2014_aarch64.whl", hash = "sha256:35be298f69006e86b0311a538c1c9694ce3012237c33572d3dfe2bea6b5b9820"},
    {file = "python_calamine-0.4.0-cp310-cp310-manylinux_2_17_armv7l.manylinux2014_armv7l.whl", hash = "sha256:7abb10367aea435ca473b9b698636db912f2ab164f19a6c9675710ed926f33ac"},
    {file = "python_calamine-0.4.0-cp310-cp310-manylinux_2_17_ppc64le.manylinux2014_ppc64le.whl", hash = "sha256:58c2c4440982ec6db64c826136661f84f84bc0d8ee0cdd64a38128cd217797eb"},
    {file = "python_calamine-0.4.0-cp310-cp310-manylinux_2_17_s390x.manylinux2014_s390x.whl", hash = "sha256:e58cd89154fd1b5ef77c609f63dce108d390ece5a5f3225ca3ebedc8d343e9d5"},
    {file = "python_calamine-0.4.0-cp310-cp310-manylinux_2_17_x86_64.manylinux2014_x86_64.whl", hash = "sha256:1f90f85e04c281d96c6dc5551176fc4e32c95257c3a2d384a947b3e68275c7d6"},
    {file = "python_calamine-0.4.0-cp310-cp310-manylinux_2_5_i686.manylinux1_i686.whl", hash = "sha256:d5f8408b01d8097b2e662d0205ca09695788fb5f3492ade27de4ad4160cb6bd4"},
    {file = "python_calamine-0.4.0-cp310-cp310-musllinux_1_1_aarch64.whl", hash = "sha256:3d61957c10d37e6bf508fafdf52e6bb3112db8196e30bca8bc4b4560db2cc5f5"},
    {file = "python_calamine-0.4.0-cp310-cp310-musllinux_1_1_x86_64.whl", hash = "sha256:a5a58bbfcad9c1192dada189e367ed46e72037fcaec585e970fa919b92e07a57"},
    {file = "python_calamine-0.4.0-cp310-cp310-win32.whl", hash = "sha256:f06415096bcd9218b6c15d39ee2006ec0f32282e3d08605391d2a8a52187f9ca"},
    {file = "python_calamine-0.4.0-cp310-cp310-win_amd64.whl", hash = "sha256:e457d1e07acb2798b72e70bd4e88f07cd486ca5129a19fadc6aa19a2cd4e76e8"},
    {file = "python_calamine-0.4.0-cp311-cp311-macosx_10_12_x86_64.whl", hash = "sha256:d1687f8c4d7852920c7b4e398072f183f88dd273baf5153391edc88b7454b8c0"},
    {file = "python_calamine-0.4.0-cp311-cp311-macosx_11_0_arm64.whl", hash = "sha256:258d04230bebbbafa370a15838049d912d6a0a2c4da128943d8160ca4b6db58e"},
    {file = "python_calamine-0.4.0-cp311-cp311-manylinux_2_17_aarch64.manylinux2014_aarch64.whl", hash = "sha256:c686e491634934f059553d55f77ac67ca4c235452d5b444f98fe79b3579f1ea5"},
    {file = "python_calamine-0.4.0-cp311-cp311-manylinux_2_17_armv7l.manylinux2014_armv7l.whl", hash = "sha256:4480af7babcc2f919c638a554b06b7b145d9ab3da47fd696d68c2fc6f67f9541"},
    {file = "python_calamine-0.4.0-cp311-cp311-manylinux_2_17_ppc64le.manylinux2014_ppc64le.whl", hash = "sha256:e405b87a8cd1e90a994e570705898634f105442029f25bab7da658ee9cbaa771"},
    {file = "python_calamine-0.4.0-cp311-cp311-manylinux_2_17_s390x.manylinux2014_s390x.whl", hash = "sha256:a831345ee42615f0dfcb0ed60a3b1601d2f946d4166edae64fd9a6f9bbd57fc1"},
    {file = "python_calamine-0.4.0-cp311-cp311-manylinux_2_17_x86_64.manylinux2014_x86_64.whl", hash = "sha256:9951b8e4cafb3e1623bb5dfc31a18d38ef43589275f9657e99dfcbe4c8c4b33e"},
    {file = "python_calamine-0.4.0-cp311-cp311-manylinux_2_5_i686.manylinux1_i686.whl", hash = "sha256:a6619fe3b5c9633ed8b178684605f8076c9d8d85b29ade15f7a7713fcfdee2d0"},
    {file = "python_calamine-0.4.0-cp311-cp311-musllinux_1_1_aarch64.whl", hash = "sha256:2cc45b8e76ee331f6ea88ca23677be0b7a05b502cd4423ba2c2bc8dad53af1be"},
    {file = "python_calamine-0.4.0-cp311-cp311-musllinux_1_1_x86_64.whl", hash = "sha256:1b2cfb7ced1a7c80befa0cfddfe4aae65663eb4d63c4ae484b9b7a80ebe1b528"},
    {file = "python_calamine-0.4.0-cp311-cp311-win32.whl", hash = "sha256:04f4e32ee16814fc1fafc49300be8eeb280d94878461634768b51497e1444bd6"},
    {file = "python_calamine-0.4.0-cp311-cp311-win_amd64.whl", hash = "sha256:a8543f69afac2213c0257bb56215b03dadd11763064a9d6b19786f27d1bef586"},
    {file = "python_calamine-0.4.0-cp311-cp311-win_arm64.whl", hash = "sha256:54622e35ec7c3b6f07d119da49aa821731c185e951918f152c2dbf3bec1e15d6"},
    {file = "python_calamine-0.4.0-cp312-cp312-macosx_10_12_x86_64.whl", hash = "sha256:74bca5d44a73acf3dcfa5370820797fcfd225c8c71abcddea987c5b4f5077e98"},
    {file = "python_calamine-0.4.0-cp312-cp312-macosx_11_0_arm64.whl", hash = "sha256:cf80178f5d1b0ee2ccfffb8549c50855f6249e930664adc5807f4d0d6c2b269c"},
    {file = "python_calamine-0.4.0-cp312-cp312-manylinux_2_17_aarch64.manylinux2014_aarch64.whl", hash = "sha256:65cfef345386ae86f7720f1be93495a40fd7e7feabb8caa1df5025d7fbc58a1f"},
    {file = "python_calamine-0.4.0-cp312-cp312-manylinux_2_17_armv7l.manylinux2014_armv7l.whl", hash = "sha256:f23e6214dbf9b29065a5dcfd6a6c674dd0e251407298c9138611c907d53423ff"},
    {file = "python_calamine-0.4.0-cp312-cp312-manylinux_2_17_ppc64le.manylinux2014_ppc64le.whl", hash = "sha256:d792d304ee232ab01598e1d3ab22e074a32c2511476b5fb4f16f4222d9c2a265"},
    {file = "python_calamine-0.4.0-cp312-cp312-manylinux_2_17_s390x.manylinux2014_s390x.whl", hash = "sha256:bf813425918fd68f3e991ef7c4b5015be0a1a95fc4a8ab7e73c016ef1b881bb4"},
    {file = "python_calamine-0.4.0-cp312-cp312-manylinux_2_17_x86_64.manylinux2014_x86_64.whl", hash = "sha256:bbe2a0ccb4d003635888eea83a995ff56b0748c8c76fc71923544f5a4a7d4cd7"},
    {file = "python_calamine-0.4.0-cp312-cp312-manylinux_2_5_i686.manylinux1_i686.whl", hash = "sha256:a7b3bb5f0d910b9b03c240987560f843256626fd443279759df4e91b717826d2"},
    {file = "python_calamine-0.4.0-cp312-cp312-musllinux_1_1_aarch64.whl", hash = "sha256:bd2c0fc2b5eabd08ceac8a2935bffa88dbc6116db971aa8c3f244bad3fd0f644"},
    {file = "python_calamine-0.4.0-cp312-cp312-musllinux_1_1_x86_64.whl", hash = "sha256:85b547cb1c5b692a0c2406678d666dbc1cec65a714046104683fe4f504a1721d"},
    {file = "python_calamine-0.4.0-cp312-cp312-win32.whl", hash = "sha256:4c2a1e3a0db4d6de4587999a21cc35845648c84fba81c03dd6f3072c690888e4"},
    {file = "python_calamine-0.4.0-cp312-cp312-win_amd64.whl", hash = "sha256:b193c89ffcc146019475cd121c552b23348411e19c04dedf5c766a20db64399a"},
    {file = "python_calamine-0.4.0-cp312-cp312-win_arm64.whl", hash = "sha256:43a0f15e0b60c75a71b21a012b911d5d6f5fa052afad2a8edbc728af43af0fcf"},
    {file = "python_calamine-0.4.0-cp313-cp313-macosx_10_12_x86_64.whl", hash = "sha256:f8d6b2d2ae73acf91343f02756bdcb2fa6117db4eaf5cfab75ce50dfb54525ee"},
    {file = "python_calamine-0.4.0-cp313-cp313-macosx_11_0_arm64.whl", hash = "sha256:aca7e019f42ca16806fef53e3028fa158005c0e68eabda577c3f3c2bea9735fd"},
    {file = "python_calamine-0.4.0-cp313-cp313-manylinux_2_17_aarch64.manylinux2014_aarch64.whl", hash = "sha256:aca67cb447ba8dcefa4d5a1131d1cfdd1e0d0a0f0c6470655ce9ad37b7cfa228"},
    {file = "python_calamine-0.4.0-cp313-cp313-manylinux_2_17_armv7l.manylinux2014_armv7l.whl", hash = "sha256:e127d3b78d511d4f6fbdfed02fe666d83a722d73e27dd64d1718be9efafbabfe"},
    {file = "python_calamine-0.4.0-cp313-cp313-manylinux_2_17_ppc64le.manylinux2014_ppc64le.whl", hash = "sha256:e47891d9d62e3015448749ddb2ba60ab583a651d0fca9a3a1794936942ad7d5d"},
    {file = "python_calamine-0.4.0-cp313-cp313-manylinux_2_17_s390x.manylinux2014_s390x.whl", hash = "sha256:d4072bf9dcb8ec49f5b92688bd960b5d0e03e4826d227bbd66478a6f6b0aea06"},
    {file = "python_calamine-0.4.0-cp313-cp313-manylinux_2_17_x86_64.manylinux2014_x86_64.whl", hash = "sha256:eabc9dc770f753c4227aacedd8390056937e67af0bf65d6696c584d3054f1287"},
    {file = "python_calamine-0.4.0-cp313-cp313-manylinux_2_5_i686.manylinux1_i686.whl", hash = "sha256:6a4bcf36dc77674892616b66cffba432f5fd62df3e0adb0487ec245036b50041"},
    {file = "python_calamine-0.4.0-cp313-cp313-musllinux_1_1_aarch64.whl", hash = "sha256:f81518d4b49c47054cb1861badf5bcef44b0a49959968fb2e9c9cb89645c76af"},
    {file = "python_calamine-0.4.0-cp313-cp313-musllinux_1_1_x86_64.whl", hash = "sha256:18375eb3ac1362fcbf3a9fcad0672d8dc054001247bc52f063e0054a3e01a8d1"},
    {file = "python_calamine-0.4.0-cp313-cp313-win32.whl", hash = "sha256:c7e98c7e531bafdf719414d0c428f25f933a82640fb92e6e84864a85e758aecc"},
    {file = "python_calamine-0.4.0-cp313-cp313-win_amd64.whl", hash = "sha256:6ec081b874e78f4dbcbe70804644281366814289956755575a5871f725592d4e"},
    {file = "python_calamine-0.4.0-cp313-cp313-win_arm64.whl", hash = "sha256:3f9bdf570023138ee4090a51b1e34786978d6e649852ccc3b83ac9729f125ca2"},
    {file = "python_calamine-0.4.0-cp38-cp38-macosx_10_12_x86_64.whl", hash = "sha256:19443389894fc1bce068409591e6926d4a4f7402fdef8d4012dd4ac7837d7dfd"},
    {file = "python_calamine-0.4.0-cp38-cp38-macosx_11_0_arm64.whl", hash = "sha256:fe32075cb329f765a10fd1ee7fd0e0012cd5e65856132710812af6aff1652447"},
    {file = "python_calamine-0.4.0-cp38-cp38-manylinux_2_17_aarch64.manylinux2014_aarch64.whl", hash = "sha256:ad3c7123dc92169f1d856e9a1652815115bc0c9d5299200fc598ef3993b0f845"},
    {file = "python_calamine-0.4.0-cp38-cp38-manylinux_2_17_armv7l.manylinux2014_armv7l.whl", hash = "sha256:51cb79689bed1f8a6a331381034101fc32aafa5b73afc22873672ea957659ef4"},
    {file = "python_calamine-0.4.0-cp38-cp38-manylinux_2_17_ppc64le.manylinux2014_ppc64le.whl", hash = "sha256:d76694000cd2e46de36a3963a2f2bb3abd9d4a949cab7cce877faa51a5249e11"},
    {file = "python_calamine-0.4.0-cp38-cp38-manylinux_2_17_s390x.manylinux2014_s390x.whl", hash = "sha256:e34062474d353bfff3b44bc3d0aa1230ed97bebfed34d3168447b3e24fdcedfd"},
    {file = "python_calamine-0.4.0-cp38-cp38-manylinux_2_17_x86_64.manylinux2014_x86_64.whl", hash = "sha256:01a8a75f428882ea9636f5d8dd2282f0e69616c6c2e054342996dd5363acc1b1"},
    {file = "python_calamine-0.4.0-cp38-cp38-manylinux_2_5_i686.manylinux1_i686.whl", hash = "sha256:cbf3ee6452fbefa2857053c58913058e152ecdddd90f69b923d9d7920db1cbd4"},
    {file = "python_calamine-0.4.0-cp38-cp38-musllinux_1_1_aarch64.whl", hash = "sha256:24fd78cab78c9fff3db34c326a14d776d9d97376d4ec03fb413adc36e50f9d5a"},
    {file = "python_calamine-0.4.0-cp38-cp38-musllinux_1_1_x86_64.whl", hash = "sha256:0ccfe7198de140c93a0d07ca84d10bc4d07fa6628c3e48a765287307b1083af3"},
    {file = "python_calamine-0.4.0-cp38-cp38-win32.whl", hash = "sha256:7e859cdbf0089c09b1cfc097951bfdb2867aaae727737e13c7c2f2209974d320"},
    {file = "python_calamine-0.4.0-cp38-cp38-win_amd64.whl", hash = "sha256:dad42188a948fe057eb524ae68d12bef5d388d9b31f9efcbf3aae0ed8ccb2538"},
    {file = "python_calamine-0.4.0-cp39-cp39-macosx_10_12_x86_64.whl", hash = "sha256:7ed314602023b05a9637d78b53ea112df151751b72b1ae4249e6acadf106daf7"},
    {file = "python_calamine-0.4.0-cp39-cp39-macosx_11_0_arm64.whl", hash = "sha256:a283f538a404080eb6bd2e1108d9696c16238e98edc94ec6e7762ba1f1d83351"},
    {file = "python_calamine-0.4.0-cp39-cp39-manylinux_2_17_aarch64.manylinux2014_aarch64.whl", hash = "sha256:513d3494f5dcebb9cfac3b075431c6d6e83ffb8827593fcbf5efb5b4161acf21"},
    {file = "python_calamine-0.4.0-cp39-cp39-manylinux_2_17_armv7l.manylinux2014_armv7l.whl", hash = "sha256:f951ff667b2e3ae2e18f9abd0893d7c309aad2d9f3d0272f273d73c4f9965c4e"},
    {file = "python_calamine-0.4.0-cp39-cp39-manylinux_2_17_ppc64le.manylinux2014_ppc64le.whl", hash = "sha256:e2cc3edd08656ba0aaf01df0c0c49e6089a3164286de8c78739794eeeaf05d77"},
    {file = "python_calamine-0.4.0-cp39-cp39-manylinux_2_17_s390x.manylinux2014_s390x.whl", hash = "sha256:9538133b3bf2a7ffbb8e2ae0c45b915e2d6f412043623a09a20d5274fc8e69c8"},
    {file = "python_calamine-0.4.0-cp39-cp39-manylinux_2_17_x86_64.manylinux2014_x86_64.whl", hash = "sha256:42da196f7c7b4ad603fd380c87c479c141e7f9ada4c98c03e9b3e1b18178c8b0"},
    {file = "python_calamine-0.4.0-cp39-cp39-manylinux_2_5_i686.manylinux1_i686.whl", hash = "sha256:65a30c6fca7f0e5ef4f45ed30b61108a358049268aa3cd0d8b168fec77c6db00"},
    {file = "python_calamine-0.4.0-cp39-cp39-musllinux_1_1_aarch64.whl", hash = "sha256:07252575340301cd62db505820179f299dc703ab4fb11221df3b9183c4c740a4"},
    {file = "python_calamine-0.4.0-cp39-cp39-musllinux_1_1_x86_64.whl", hash = "sha256:6943e5856d759902b0cbf4314a09f0f09fda4c4450071ca2d16fc427983e8720"},
    {file = "python_calamine-0.4.0-cp39-cp39-win32.whl", hash = "sha256:b65c99650946912ce601d67f519e771bce93ba2cdd2511b1a0e40aa287f273ca"},
    {file = "python_calamine-0.4.0-cp39-cp39-win_amd64.whl", hash = "sha256:c80cfe589bd8dc027a38925f71b70f34151b762c974d9ea3de180d76f2740072"},
    {file = "python_calamine-0.4.0-pp310-pypy310_pp73-macosx_10_12_x86_64.whl", hash = "sha256:4f9a44015de9e19a876babf707dc55708881930024220c8ae926ea0255f705fe"},
    {file = "python_calamine-0.4.0-pp310-pypy310_pp73-macosx_11_0_arm64.whl", hash = "sha256:2c10bb42e0d0810368e78ee9359902f999a1f09bcc2391b060f91f981f75ae21"},
    {file = "python_calamine-0.4.0-pp310-pypy310_pp73-manylinux_2_17_aarch64.manylinux2014_aarch64.whl", hash = "sha256:494c5dd1dcee25935ff9d7a9eef6b0f629266d1670aef3ee5e0d38370dcb3352"},
    {file = "python_calamine-0.4.0-pp310-pypy310_pp73-manylinux_2_17_x86_64.manylinux2014_x86_64.whl", hash = "sha256:5f04fb24e70ab4403fc367b9b779eaa3bf61c140908d9115ddfe1e221372d5d4"},
    {file = "python_calamine-0.4.0-pp310-pypy310_pp73-manylinux_2_5_i686.manylinux1_i686.whl", hash = "sha256:49dce56dbd1efc024b63b913595f1a9bef6f66a6467aefad7dcd548654fedb5b"},
    {file = "python_calamine-0.4.0-pp310-pypy310_pp73-musllinux_1_1_aarch64.whl", hash = "sha256:7dc1755cd0b10ce5e2d80e77e9f19c13ed405b354178c3547ba5a11d34fce6ea"},
    {file = "python_calamine-0.4.0-pp310-pypy310_pp73-musllinux_1_1_x86_64.whl", hash = "sha256:9d981efa53ddfd8733555ad4c9368c8c1254bd8d1e162c93b8d341ead6acc5a9"},
    {file = "python_calamine-0.4.0-pp310-pypy310_pp73-win_amd64.whl", hash = "sha256:b370998567de0cd7a36a8ac73acabefea8397ad2d9aad3cf245b5d35f74cb990"},
    {file = "python_calamine-0.4.0-pp39-pypy39_pp73-macosx_10_12_x86_64.whl", hash = "sha256:c076627f5532d1b40cb48ee80af2f625a9c6f58b24dad776406c7f1c3c339b41"},
    {file = "python_calamine-0.4.0-pp39-pypy39_pp73-macosx_11_0_arm64.whl", hash = "sha256:bafea0e6ae20156a5bb20abfa6b7ba2c8c8716cf8f7afbf365b2133be4bd0ec4"},
    {file = "python_calamine-0.4.0-pp39-pypy39_pp73-manylinux_2_17_aarch64.manylinux2014_aarch64.whl", hash = "sha256:78fe6a871b5234db52fb328dab866ef112162e29f8ca193e11a2bdcad3dfa3a2"},
    {file = "python_calamine-0.4.0-pp39-pypy39_pp73-manylinux_2_17_x86_64.manylinux2014_x86_64.whl", hash = "sha256:4f62da1115fd7a103e013f151bcbde3c07dde398a55eccb2d66b0d1e95a010bb"},
    {file = "python_calamine-0.4.0-pp39-pypy39_pp73-manylinux_2_5_i686.manylinux1_i686.whl", hash = "sha256:a623372781849d664a4c9116334c22336caed0fd58a1b065b4865c01af29f5de"},
    {file = "python_calamine-0.4.0-pp39-pypy39_pp73-musllinux_1_1_aarch64.whl", hash = "sha256:d311df409e091c9664290b017f5d8d36365c354a87b103a333ae110238206c0f"},
    {file = "python_calamine-0.4.0-pp39-pypy39_pp73-musllinux_1_1_x86_64.whl", hash = "sha256:703c905e2a50049099f91a5dff6fe47df88e50003d0152a1ab9c0581ed44489f"},
    {file = "python_calamine-0.4.0-pp39-pypy39_pp73-win_amd64.whl", hash = "sha256:9f0908cf2b12b7271b6309a0def56fff9ae4628fa9a4c2eea148717605b7a8c8"},
    {file = "python_calamine-0.4.0.tar.gz", hash = "sha256:94afcbae3fec36d2d7475095a59d4dc6fae45829968c743cb799ebae269d7bbf"},
]

[package.dependencies]
packaging = ">=23.1"

[package.extras]
dev = ["maturin (>=1.0,<2.0)", "numpy (>=1.0,<2.0)", "pandas[excel] (>=2.0,<3.0)", "pre-commit (>=3.0,<4.0)", "pytest (>=8.0,<9.0)"]

[[package]]
name = "rapidfuzz"
version = "3.13.0"
description = "rapid fuzzy string matching"
optional = false
python-versions = ">=3.9"
groups = ["main"]
files = [
    {file = "rapidfuzz-3.13.0-cp310-cp310-macosx_10_9_x86_64.whl", hash = "sha256:aafc42a1dc5e1beeba52cd83baa41372228d6d8266f6d803c16dbabbcc156255"},
    {file = "rapidfuzz-3.13.0-cp310-cp310-macosx_11_0_arm64.whl", hash = "sha256:85c9a131a44a95f9cac2eb6e65531db014e09d89c4f18c7b1fa54979cb9ff1f3"},
    {file = "rapidfuzz-3.13.0-cp310-cp310-manylinux_2_17_aarch64.manylinux2014_aarch64.whl", hash = "sha256:7d7cec4242d30dd521ef91c0df872e14449d1dffc2a6990ede33943b0dae56c3"},
    {file = "rapidfuzz-3.13.0-cp310-cp310-manylinux_2_17_i686.manylinux2014_i686.whl", hash = "sha256:e297c09972698c95649e89121e3550cee761ca3640cd005e24aaa2619175464e"},
    {file = "rapidfuzz-3.13.0-cp310-cp310-manylinux_2_17_ppc64le.manylinux2014_ppc64le.whl", hash = "sha256:ef0f5f03f61b0e5a57b1df7beafd83df993fd5811a09871bad6038d08e526d0d"},
    {file = "rapidfuzz-3.13.0-cp310-cp310-manylinux_2_17_s390x.manylinux2014_s390x.whl", hash = "sha256:d8cf5f7cd6e4d5eb272baf6a54e182b2c237548d048e2882258336533f3f02b7"},
    {file = "rapidfuzz-3.13.0-cp310-cp310-manylinux_2_17_x86_64.manylinux2014_x86_64.whl", hash = "sha256:9256218ac8f1a957806ec2fb9a6ddfc6c32ea937c0429e88cf16362a20ed8602"},
    {file = "rapidfuzz-3.13.0-cp310-cp310-musllinux_1_2_aarch64.whl", hash = "sha256:e1bdd2e6d0c5f9706ef7595773a81ca2b40f3b33fd7f9840b726fb00c6c4eb2e"},
    {file = "rapidfuzz-3.13.0-cp310-cp310-musllinux_1_2_i686.whl", hash = "sha256:5280be8fd7e2bee5822e254fe0a5763aa0ad57054b85a32a3d9970e9b09bbcbf"},
    {file = "rapidfuzz-3.13.0-cp310-cp310-musllinux_1_2_ppc64le.whl", hash = "sha256:fd742c03885db1fce798a1cd87a20f47f144ccf26d75d52feb6f2bae3d57af05"},
    {file = "rapidfuzz-3.13.0-cp310-cp310-musllinux_1_2_s390x.whl", hash = "sha256:5435fcac94c9ecf0504bf88a8a60c55482c32e18e108d6079a0089c47f3f8cf6"},
    {file = "rapidfuzz-3.13.0-cp310-cp310-musllinux_1_2_x86_64.whl", hash = "sha256:93a755266856599be4ab6346273f192acde3102d7aa0735e2f48b456397a041f"},
    {file = "rapidfuzz-3.13.0-cp310-cp310-win32.whl", hash = "sha256:3abe6a4e8eb4cfc4cda04dd650a2dc6d2934cbdeda5def7e6fd1c20f6e7d2a0b"},
    {file = "rapidfuzz-3.13.0-cp310-cp310-win_amd64.whl", hash = "sha256:e8ddb58961401da7d6f55f185512c0d6bd24f529a637078d41dd8ffa5a49c107"},
    {file = "rapidfuzz-3.13.0-cp310-cp310-win_arm64.whl", hash = "sha256:c523620d14ebd03a8d473c89e05fa1ae152821920c3ff78b839218ff69e19ca3"},
    {file = "rapidfuzz-3.13.0-cp311-cp311-macosx_10_9_x86_64.whl", hash = "sha256:d395a5cad0c09c7f096433e5fd4224d83b53298d53499945a9b0e5a971a84f3a"},
    {file = "rapidfuzz-3.13.0-cp311-cp311-macosx_11_0_arm64.whl", hash = "sha256:b7b3eda607a019169f7187328a8d1648fb9a90265087f6903d7ee3a8eee01805"},
    {file = "rapidfuzz-3.13.0-cp311-cp311-manylinux_2_17_aarch64.manylinux2014_aarch64.whl", hash = "sha256:98e0bfa602e1942d542de077baf15d658bd9d5dcfe9b762aff791724c1c38b70"},
    {file = "rapidfuzz-3.13.0-cp311-cp311-manylinux_2_17_i686.manylinux2014_i686.whl", hash = "sha256:bef86df6d59667d9655905b02770a0c776d2853971c0773767d5ef8077acd624"},
    {file = "rapidfuzz-3.13.0-cp311-cp311-manylinux_2_17_ppc64le.manylinux2014_ppc64le.whl", hash = "sha256:fedd316c165beed6307bf754dee54d3faca2c47e1f3bcbd67595001dfa11e969"},
    {file = "rapidfuzz-3.13.0-cp311-cp311-manylinux_2_17_s390x.manylinux2014_s390x.whl", hash = "sha256:5158da7f2ec02a930be13bac53bb5903527c073c90ee37804090614cab83c29e"},
    {file = "rapidfuzz-3.13.0-cp311-cp311-manylinux_2_17_x86_64.manylinux2014_x86_64.whl", hash = "sha256:3b6f913ee4618ddb6d6f3e387b76e8ec2fc5efee313a128809fbd44e65c2bbb2"},
    {file = "rapidfuzz-3.13.0-cp311-cp311-musllinux_1_2_aarch64.whl", hash = "sha256:d25fdbce6459ccbbbf23b4b044f56fbd1158b97ac50994eaae2a1c0baae78301"},
    {file = "rapidfuzz-3.13.0-cp311-cp311-musllinux_1_2_i686.whl", hash = "sha256:25343ccc589a4579fbde832e6a1e27258bfdd7f2eb0f28cb836d6694ab8591fc"},
    {file = "rapidfuzz-3.13.0-cp311-cp311-musllinux_1_2_ppc64le.whl", hash = "sha256:a9ad1f37894e3ffb76bbab76256e8a8b789657183870be11aa64e306bb5228fd"},
    {file = "rapidfuzz-3.13.0-cp311-cp311-musllinux_1_2_s390x.whl", hash = "sha256:5dc71ef23845bb6b62d194c39a97bb30ff171389c9812d83030c1199f319098c"},
    {file = "rapidfuzz-3.13.0-cp311-cp311-musllinux_1_2_x86_64.whl", hash = "sha256:b7f4c65facdb94f44be759bbd9b6dda1fa54d0d6169cdf1a209a5ab97d311a75"},
    {file = "rapidfuzz-3.13.0-cp311-cp311-win32.whl", hash = "sha256:b5104b62711565e0ff6deab2a8f5dbf1fbe333c5155abe26d2cfd6f1849b6c87"},
    {file = "rapidfuzz-3.13.0-cp311-cp311-win_amd64.whl", hash = "sha256:9093cdeb926deb32a4887ebe6910f57fbcdbc9fbfa52252c10b56ef2efb0289f"},
    {file = "rapidfuzz-3.13.0-cp311-cp311-win_arm64.whl", hash = "sha256:f70f646751b6aa9d05be1fb40372f006cc89d6aad54e9d79ae97bd1f5fce5203"},
    {file = "rapidfuzz-3.13.0-cp312-cp312-macosx_10_13_x86_64.whl", hash = "sha256:4a1a6a906ba62f2556372282b1ef37b26bca67e3d2ea957277cfcefc6275cca7"},
    {file = "rapidfuzz-3.13.0-cp312-cp312-macosx_11_0_arm64.whl", hash = "sha256:2fd0975e015b05c79a97f38883a11236f5a24cca83aa992bd2558ceaa5652b26"},
    {file = "rapidfuzz-3.13.0-cp312-cp312-manylinux_2_17_aarch64.manylinux2014_aarch64.whl", hash = "sha256:5d4e13593d298c50c4f94ce453f757b4b398af3fa0fd2fde693c3e51195b7f69"},
    {file = "rapidfuzz-3.13.0-cp312-cp312-manylinux_2_17_i686.manylinux2014_i686.whl", hash = "sha256:ed6f416bda1c9133000009d84d9409823eb2358df0950231cc936e4bf784eb97"},
    {file = "rapidfuzz-3.13.0-cp312-cp312-manylinux_2_17_ppc64le.manylinux2014_ppc64le.whl", hash = "sha256:1dc82b6ed01acb536b94a43996a94471a218f4d89f3fdd9185ab496de4b2a981"},
    {file = "rapidfuzz-3.13.0-cp312-cp312-manylinux_2_17_s390x.manylinux2014_s390x.whl", hash = "sha256:e9d824de871daa6e443b39ff495a884931970d567eb0dfa213d234337343835f"},
    {file = "rapidfuzz-3.13.0-cp312-cp312-manylinux_2_17_x86_64.manylinux2014_x86_64.whl", hash = "sha256:2d18228a2390375cf45726ce1af9d36ff3dc1f11dce9775eae1f1b13ac6ec50f"},
    {file = "rapidfuzz-3.13.0-cp312-cp312-musllinux_1_2_aarch64.whl", hash = "sha256:9f5fe634c9482ec5d4a6692afb8c45d370ae86755e5f57aa6c50bfe4ca2bdd87"},
    {file = "rapidfuzz-3.13.0-cp312-cp312-musllinux_1_2_i686.whl", hash = "sha256:694eb531889f71022b2be86f625a4209c4049e74be9ca836919b9e395d5e33b3"},
    {file = "rapidfuzz-3.13.0-cp312-cp312-musllinux_1_2_ppc64le.whl", hash = "sha256:11b47b40650e06147dee5e51a9c9ad73bb7b86968b6f7d30e503b9f8dd1292db"},
    {file = "rapidfuzz-3.13.0-cp312-cp312-musllinux_1_2_s390x.whl", hash = "sha256:98b8107ff14f5af0243f27d236bcc6e1ef8e7e3b3c25df114e91e3a99572da73"},
    {file = "rapidfuzz-3.13.0-cp312-cp312-musllinux_1_2_x86_64.whl", hash = "sha256:b836f486dba0aceb2551e838ff3f514a38ee72b015364f739e526d720fdb823a"},
    {file = "rapidfuzz-3.13.0-cp312-cp312-win32.whl", hash = "sha256:4671ee300d1818d7bdfd8fa0608580d7778ba701817216f0c17fb29e6b972514"},
    {file = "rapidfuzz-3.13.0-cp312-cp312-win_amd64.whl", hash = "sha256:6e2065f68fb1d0bf65adc289c1bdc45ba7e464e406b319d67bb54441a1b9da9e"},
    {file = "rapidfuzz-3.13.0-cp312-cp312-win_arm64.whl", hash = "sha256:65cc97c2fc2c2fe23586599686f3b1ceeedeca8e598cfcc1b7e56dc8ca7e2aa7"},
    {file = "rapidfuzz-3.13.0-cp313-cp313-macosx_10_13_x86_64.whl", hash = "sha256:09e908064d3684c541d312bd4c7b05acb99a2c764f6231bd507d4b4b65226c23"},
    {file = "rapidfuzz-3.13.0-cp313-cp313-macosx_11_0_arm64.whl", hash = "sha256:57c390336cb50d5d3bfb0cfe1467478a15733703af61f6dffb14b1cd312a6fae"},
    {file = "rapidfuzz-3.13.0-cp313-cp313-manylinux_2_17_aarch64.manylinux2014_aarch64.whl", hash = "sha256:0da54aa8547b3c2c188db3d1c7eb4d1bb6dd80baa8cdaeaec3d1da3346ec9caa"},
    {file = "rapidfuzz-3.13.0-cp313-cp313-manylinux_2_17_i686.manylinux2014_i686.whl", hash = "sha256:df8e8c21e67afb9d7fbe18f42c6111fe155e801ab103c81109a61312927cc611"},
    {file = "rapidfuzz-3.13.0-cp313-cp313-manylinux_2_17_ppc64le.manylinux2014_ppc64le.whl", hash = "sha256:461fd13250a2adf8e90ca9a0e1e166515cbcaa5e9c3b1f37545cbbeff9e77f6b"},
    {file = "rapidfuzz-3.13.0-cp313-cp313-manylinux_2_17_s390x.manylinux2014_s390x.whl", hash = "sha256:c2b3dd5d206a12deca16870acc0d6e5036abeb70e3cad6549c294eff15591527"},
    {file = "rapidfuzz-3.13.0-cp313-cp313-manylinux_2_17_x86_64.manylinux2014_x86_64.whl", hash = "sha256:1343d745fbf4688e412d8f398c6e6d6f269db99a54456873f232ba2e7aeb4939"},
    {file = "rapidfuzz-3.13.0-cp313-cp313-musllinux_1_2_aarch64.whl", hash = "sha256:b1b065f370d54551dcc785c6f9eeb5bd517ae14c983d2784c064b3aa525896df"},
    {file = "rapidfuzz-3.13.0-cp313-cp313-musllinux_1_2_i686.whl", hash = "sha256:11b125d8edd67e767b2295eac6eb9afe0b1cdc82ea3d4b9257da4b8e06077798"},
    {file = "rapidfuzz-3.13.0-cp313-cp313-musllinux_1_2_ppc64le.whl", hash = "sha256:c33f9c841630b2bb7e69a3fb5c84a854075bb812c47620978bddc591f764da3d"},
    {file = "rapidfuzz-3.13.0-cp313-cp313-musllinux_1_2_s390x.whl", hash = "sha256:ae4574cb66cf1e85d32bb7e9ec45af5409c5b3970b7ceb8dea90168024127566"},
    {file = "rapidfuzz-3.13.0-cp313-cp313-musllinux_1_2_x86_64.whl", hash = "sha256:e05752418b24bbd411841b256344c26f57da1148c5509e34ea39c7eb5099ab72"},
    {file = "rapidfuzz-3.13.0-cp313-cp313-win32.whl", hash = "sha256:0e1d08cb884805a543f2de1f6744069495ef527e279e05370dd7c83416af83f8"},
    {file = "rapidfuzz-3.13.0-cp313-cp313-win_amd64.whl", hash = "sha256:9a7c6232be5f809cd39da30ee5d24e6cadd919831e6020ec6c2391f4c3bc9264"},
    {file = "rapidfuzz-3.13.0-cp313-cp313-win_arm64.whl", hash = "sha256:3f32f15bacd1838c929b35c84b43618481e1b3d7a61b5ed2db0291b70ae88b53"},
    {file = "rapidfuzz-3.13.0-cp39-cp39-macosx_10_9_x86_64.whl", hash = "sha256:cc64da907114d7a18b5e589057e3acaf2fec723d31c49e13fedf043592a3f6a7"},
    {file = "rapidfuzz-3.13.0-cp39-cp39-macosx_11_0_arm64.whl", hash = "sha256:4d9d7f84c8e992a8dbe5a3fdbea73d733da39bf464e62c912ac3ceba9c0cff93"},
    {file = "rapidfuzz-3.13.0-cp39-cp39-manylinux_2_17_aarch64.manylinux2014_aarch64.whl", hash = "sha256:1a79a2f07786a2070669b4b8e45bd96a01c788e7a3c218f531f3947878e0f956"},
    {file = "rapidfuzz-3.13.0-cp39-cp39-manylinux_2_17_i686.manylinux2014_i686.whl", hash = "sha256:9f338e71c45b69a482de8b11bf4a029993230760120c8c6e7c9b71760b6825a1"},
    {file = "rapidfuzz-3.13.0-cp39-cp39-manylinux_2_17_ppc64le.manylinux2014_ppc64le.whl", hash = "sha256:adb40ca8ddfcd4edd07b0713a860be32bdf632687f656963bcbce84cea04b8d8"},
    {file = "rapidfuzz-3.13.0-cp39-cp39-manylinux_2_17_s390x.manylinux2014_s390x.whl", hash = "sha256:48719f7dcf62dfb181063b60ee2d0a39d327fa8ad81b05e3e510680c44e1c078"},
    {file = "rapidfuzz-3.13.0-cp39-cp39-manylinux_2_17_x86_64.manylinux2014_x86_64.whl", hash = "sha256:9327a4577f65fc3fb712e79f78233815b8a1c94433d0c2c9f6bc5953018b3565"},
    {file = "rapidfuzz-3.13.0-cp39-cp39-musllinux_1_2_aarch64.whl", hash = "sha256:200030dfc0a1d5d6ac18e993c5097c870c97c41574e67f227300a1fb74457b1d"},
    {file = "rapidfuzz-3.13.0-cp39-cp39-musllinux_1_2_i686.whl", hash = "sha256:cc269e74cad6043cb8a46d0ce580031ab642b5930562c2bb79aa7fbf9c858d26"},
    {file = "rapidfuzz-3.13.0-cp39-cp39-musllinux_1_2_ppc64le.whl", hash = "sha256:e62779c6371bd2b21dbd1fdce89eaec2d93fd98179d36f61130b489f62294a92"},
    {file = "rapidfuzz-3.13.0-cp39-cp39-musllinux_1_2_s390x.whl", hash = "sha256:f4797f821dc5d7c2b6fc818b89f8a3f37bcc900dd9e4369e6ebf1e525efce5db"},
    {file = "rapidfuzz-3.13.0-cp39-cp39-musllinux_1_2_x86_64.whl", hash = "sha256:d21f188f6fe4fbf422e647ae9d5a68671d00218e187f91859c963d0738ccd88c"},
    {file = "rapidfuzz-3.13.0-cp39-cp39-win32.whl", hash = "sha256:45dd4628dd9c21acc5c97627dad0bb791764feea81436fb6e0a06eef4c6dceaa"},
    {file = "rapidfuzz-3.13.0-cp39-cp39-win_amd64.whl", hash = "sha256:624a108122039af89ddda1a2b7ab2a11abe60c1521956f142f5d11bcd42ef138"},
    {file = "rapidfuzz-3.13.0-cp39-cp39-win_arm64.whl", hash = "sha256:435071fd07a085ecbf4d28702a66fd2e676a03369ee497cc38bcb69a46bc77e2"},
    {file = "rapidfuzz-3.13.0-pp310-pypy310_pp73-macosx_10_15_x86_64.whl", hash = "sha256:fe5790a36d33a5d0a6a1f802aa42ecae282bf29ac6f7506d8e12510847b82a45"},
    {file = "rapidfuzz-3.13.0-pp310-pypy310_pp73-macosx_11_0_arm64.whl", hash = "sha256:cdb33ee9f8a8e4742c6b268fa6bd739024f34651a06b26913381b1413ebe7590"},
    {file = "rapidfuzz-3.13.0-pp310-pypy310_pp73-manylinux_2_17_aarch64.manylinux2014_aarch64.whl", hash = "sha256:8c99b76b93f7b495eee7dcb0d6a38fb3ce91e72e99d9f78faa5664a881cb2b7d"},
    {file = "rapidfuzz-3.13.0-pp310-pypy310_pp73-manylinux_2_17_i686.manylinux2014_i686.whl", hash = "sha256:6af42f2ede8b596a6aaf6d49fdee3066ca578f4856b85ab5c1e2145de367a12d"},
    {file = "rapidfuzz-3.13.0-pp310-pypy310_pp73-manylinux_2_17_x86_64.manylinux2014_x86_64.whl", hash = "sha256:6c0efa73afbc5b265aca0d8a467ae2a3f40d6854cbe1481cb442a62b7bf23c99"},
    {file = "rapidfuzz-3.13.0-pp310-pypy310_pp73-win_amd64.whl", hash = "sha256:7ac21489de962a4e2fc1e8f0b0da4aa1adc6ab9512fd845563fecb4b4c52093a"},
    {file = "rapidfuzz-3.13.0-pp311-pypy311_pp73-macosx_10_15_x86_64.whl", hash = "sha256:1ba007f4d35a45ee68656b2eb83b8715e11d0f90e5b9f02d615a8a321ff00c27"},
    {file = "rapidfuzz-3.13.0-pp311-pypy311_pp73-macosx_11_0_arm64.whl", hash = "sha256:d7a217310429b43be95b3b8ad7f8fc41aba341109dc91e978cd7c703f928c58f"},
    {file = "rapidfuzz-3.13.0-pp311-pypy311_pp73-manylinux_2_17_aarch64.manylinux2014_aarch64.whl", hash = "sha256:558bf526bcd777de32b7885790a95a9548ffdcce68f704a81207be4a286c1095"},
    {file = "rapidfuzz-3.13.0-pp311-pypy311_pp73-manylinux_2_17_i686.manylinux2014_i686.whl", hash = "sha256:202a87760f5145140d56153b193a797ae9338f7939eb16652dd7ff96f8faf64c"},
    {file = "rapidfuzz-3.13.0-pp311-pypy311_pp73-manylinux_2_17_x86_64.manylinux2014_x86_64.whl", hash = "sha256:cfcccc08f671646ccb1e413c773bb92e7bba789e3a1796fd49d23c12539fe2e4"},
    {file = "rapidfuzz-3.13.0-pp311-pypy311_pp73-win_amd64.whl", hash = "sha256:1f219f1e3c3194d7a7de222f54450ce12bc907862ff9a8962d83061c1f923c86"},
    {file = "rapidfuzz-3.13.0-pp39-pypy39_pp73-macosx_10_15_x86_64.whl", hash = "sha256:ccbd0e7ea1a216315f63ffdc7cd09c55f57851afc8fe59a74184cb7316c0598b"},
    {file = "rapidfuzz-3.13.0-pp39-pypy39_pp73-macosx_11_0_arm64.whl", hash = "sha256:a50856f49a4016ef56edd10caabdaf3608993f9faf1e05c3c7f4beeac46bd12a"},
    {file = "rapidfuzz-3.13.0-pp39-pypy39_pp73-manylinux_2_17_aarch64.manylinux2014_aarch64.whl", hash = "sha256:0fd05336db4d0b8348d7eaaf6fa3c517b11a56abaa5e89470ce1714e73e4aca7"},
    {file = "rapidfuzz-3.13.0-pp39-pypy39_pp73-manylinux_2_17_i686.manylinux2014_i686.whl", hash = "sha256:573ad267eb9b3f6e9b04febce5de55d8538a87c56c64bf8fd2599a48dc9d8b77"},
    {file = "rapidfuzz-3.13.0-pp39-pypy39_pp73-manylinux_2_17_x86_64.manylinux2014_x86_64.whl", hash = "sha256:30fd1451f87ccb6c2f9d18f6caa483116bbb57b5a55d04d3ddbd7b86f5b14998"},
    {file = "rapidfuzz-3.13.0-pp39-pypy39_pp73-win_amd64.whl", hash = "sha256:a6dd36d4916cf57ddb05286ed40b09d034ca5d4bca85c17be0cb6a21290597d9"},
    {file = "rapidfuzz-3.13.0.tar.gz", hash = "sha256:d2eaf3839e52cbcc0accbe9817a67b4b0fcf70aaeb229cfddc1c28061f9ce5d8"},
]

[package.extras]
all = ["numpy"]

[metadata]
lock-version = "2.1"
python-versions = "^3.9"
content-hash = "33edf7b270bcfec8e98a83fe782f9e3ccda57e0e2e3b20d94e867e3877cfd785"
